// !$*UTF8*$!
{
	archiveVersion = 1;
	classes = {
	};
	objectVersion = 46;
	objects = {

/* Begin PBXBuildFile section */
		C978F9061C54A27D0071B7AA /* AppDelegate.swift in Sources */ = {isa = PBXBuildFile; fileRef = C978F9051C54A27D0071B7AA /* AppDelegate.swift */; };
		C978F9081C54A27D0071B7AA /* ViewController.swift in Sources */ = {isa = PBXBuildFile; fileRef = C978F9071C54A27D0071B7AA /* ViewController.swift */; };
		C978F90B1C54A27D0071B7AA /* Main.storyboard in Resources */ = {isa = PBXBuildFile; fileRef = C978F9091C54A27D0071B7AA /* Main.storyboard */; };
		C978F90D1C54A27D0071B7AA /* Assets.xcassets in Resources */ = {isa = PBXBuildFile; fileRef = C978F90C1C54A27D0071B7AA /* Assets.xcassets */; };
		C978F9101C54A27D0071B7AA /* LaunchScreen.storyboard in Resources */ = {isa = PBXBuildFile; fileRef = C978F90E1C54A27D0071B7AA /* LaunchScreen.storyboard */; };
		C978F9181C54A3030071B7AA /* VVSDragOrderLayout.swift in Sources */ = {isa = PBXBuildFile; fileRef = C978F9171C54A3030071B7AA /* VVSDragOrderLayout.swift */; };
/* End PBXBuildFile section */

/* Begin PBXFileReference section */
		C978F9021C54A27D0071B7AA /* VVSDragOrderLayout.app */ = {isa = PBXFileReference; explicitFileType = wrapper.application; includeInIndex = 0; path = VVSDragOrderLayout.app; sourceTree = BUILT_PRODUCTS_DIR; };
		C978F9051C54A27D0071B7AA /* AppDelegate.swift */ = {isa = PBXFileReference; lastKnownFileType = sourcecode.swift; path = AppDelegate.swift; sourceTree = "<group>"; };
		C978F9071C54A27D0071B7AA /* ViewController.swift */ = {isa = PBXFileReference; lastKnownFileType = sourcecode.swift; path = ViewController.swift; sourceTree = "<group>"; };
		C978F90A1C54A27D0071B7AA /* Base */ = {isa = PBXFileReference; lastKnownFileType = file.storyboard; name = Base; path = Base.lproj/Main.storyboard; sourceTree = "<group>"; };
		C978F90C1C54A27D0071B7AA /* Assets.xcassets */ = {isa = PBXFileReference; lastKnownFileType = folder.assetcatalog; path = Assets.xcassets; sourceTree = "<group>"; };
		C978F90F1C54A27D0071B7AA /* Base */ = {isa = PBXFileReference; lastKnownFileType = file.storyboard; name = Base; path = Base.lproj/LaunchScreen.storyboard; sourceTree = "<group>"; };
		C978F9111C54A27D0071B7AA /* Info.plist */ = {isa = PBXFileReference; lastKnownFileType = text.plist.xml; path = Info.plist; sourceTree = "<group>"; };
		C978F9171C54A3030071B7AA /* VVSDragOrderLayout.swift */ = {isa = PBXFileReference; fileEncoding = 4; lastKnownFileType = sourcecode.swift; path = VVSDragOrderLayout.swift; sourceTree = "<group>"; };
/* End PBXFileReference section */

/* Begin PBXFrameworksBuildPhase section */
		C978F8FF1C54A27D0071B7AA /* Frameworks */ = {
			isa = PBXFrameworksBuildPhase;
			buildActionMask = 2147483647;
			files = (
			);
			runOnlyForDeploymentPostprocessing = 0;
		};
/* End PBXFrameworksBuildPhase section */

/* Begin PBXGroup section */
		C978F8F91C54A27D0071B7AA = {
			isa = PBXGroup;
			children = (
				C978F9041C54A27D0071B7AA /* VVSDragOrderLayout */,
				C978F9031C54A27D0071B7AA /* Products */,
			);
			sourceTree = "<group>";
		};
		C978F9031C54A27D0071B7AA /* Products */ = {
			isa = PBXGroup;
			children = (
				C978F9021C54A27D0071B7AA /* VVSDragOrderLayout.app */,
			);
			name = Products;
			sourceTree = "<group>";
		};
		C978F9041C54A27D0071B7AA /* VVSDragOrderLayout */ = {
			isa = PBXGroup;
			children = (
				C978F9051C54A27D0071B7AA /* AppDelegate.swift */,
				C978F9071C54A27D0071B7AA /* ViewController.swift */,
				C978F9091C54A27D0071B7AA /* Main.storyboard */,
				C978F9171C54A3030071B7AA /* VVSDragOrderLayout.swift */,
				C978F90C1C54A27D0071B7AA /* Assets.xcassets */,
				C978F90E1C54A27D0071B7AA /* LaunchScreen.storyboard */,
				C978F9111C54A27D0071B7AA /* Info.plist */,
			);
			path = VVSDragOrderLayout;
			sourceTree = "<group>";
		};
/* End PBXGroup section */

/* Begin PBXNativeTarget section */
		C978F9011C54A27D0071B7AA /* VVSDragOrderLayout */ = {
			isa = PBXNativeTarget;
			buildConfigurationList = C978F9141C54A27D0071B7AA /* Build configuration list for PBXNativeTarget "VVSDragOrderLayout" */;
			buildPhases = (
				C978F8FE1C54A27D0071B7AA /* Sources */,
				C978F8FF1C54A27D0071B7AA /* Frameworks */,
				C978F9001C54A27D0071B7AA /* Resources */,
			);
			buildRules = (
			);
			dependencies = (
			);
			name = VVSDragOrderLayout;
			productName = VVSDragOrderLayout;
			productReference = C978F9021C54A27D0071B7AA /* VVSDragOrderLayout.app */;
			productType = "com.apple.product-type.application";
		};
/* End PBXNativeTarget section */

/* Begin PBXProject section */
		C978F8FA1C54A27D0071B7AA /* Project object */ = {
			isa = PBXProject;
			attributes = {
				LastSwiftUpdateCheck = 0720;
				LastUpgradeCheck = 0720;
				ORGANIZATIONNAME = Vishal;
				TargetAttributes = {
					C978F9011C54A27D0071B7AA = {
						CreatedOnToolsVersion = 7.2;
					};
				};
			};
			buildConfigurationList = C978F8FD1C54A27D0071B7AA /* Build configuration list for PBXProject "VVSDragOrderLayout" */;
			compatibilityVersion = "Xcode 3.2";
			developmentRegion = English;
			hasScannedForEncodings = 0;
			knownRegions = (
				en,
				Base,
			);
			mainGroup = C978F8F91C54A27D0071B7AA;
			productRefGroup = C978F9031C54A27D0071B7AA /* Products */;
			projectDirPath = "";
			projectRoot = "";
			targets = (
				C978F9011C54A27D0071B7AA /* VVSDragOrderLayout */,
			);
		};
/* End PBXProject section */

/* Begin PBXResourcesBuildPhase section */
		C978F9001C54A27D0071B7AA /* Resources */ = {
			isa = PBXResourcesBuildPhase;
			buildActionMask = 2147483647;
			files = (
				C978F9101C54A27D0071B7AA /* LaunchScreen.storyboard in Resources */,
				C978F90D1C54A27D0071B7AA /* Assets.xcassets in Resources */,
				C978F90B1C54A27D0071B7AA /* Main.storyboard in Resources */,
			);
			runOnlyForDeploymentPostprocessing = 0;
		};
/* End PBXResourcesBuildPhase section */

/* Begin PBXSourcesBuildPhase section */
		C978F8FE1C54A27D0071B7AA /* Sources */ = {
			isa = PBXSourcesBuildPhase;
			buildActionMask = 2147483647;
			files = (
				C978F9081C54A27D0071B7AA /* ViewController.swift in Sources */,
				C978F9061C54A27D0071B7AA /* AppDelegate.swift in Sources */,
				C978F9181C54A3030071B7AA /* VVSDragOrderLayout.swift in Sources */,
			);
			runOnlyForDeploymentPostprocessing = 0;
		};
/* End PBXSourcesBuildPhase section */

/* Begin PBXVariantGroup section */
		C978F9091C54A27D0071B7AA /* Main.storyboard */ = {
			isa = PBXVariantGroup;
			children = (
				C978F90A1C54A27D0071B7AA /* Base */,
			);
			name = Main.storyboard;
			sourceTree = "<group>";
		};
		C978F90E1C54A27D0071B7AA /* LaunchScreen.storyboard */ = {
			isa = PBXVariantGroup;
			children = (
				C978F90F1C54A27D0071B7AA /* Base */,
			);
			name = LaunchScreen.storyboard;
			sourceTree = "<group>";
		};
/* End PBXVariantGroup section */

/* Begin XCBuildConfiguration section */
		C978F9121C54A27D0071B7AA /* Debug */ = {
			isa = XCBuildConfiguration;
			buildSettings = {
				ALWAYS_SEARCH_USER_PATHS = NO;
				CLANG_CXX_LANGUAGE_STANDARD = "gnu++0x";
				CLANG_CXX_LIBRARY = "libc++";
				CLANG_ENABLE_MODULES = YES;
				CLANG_ENABLE_OBJC_ARC = YES;
				CLANG_WARN_BOOL_CONVERSION = YES;
				CLANG_WARN_CONSTANT_CONVERSION = YES;
				CLANG_WARN_DIRECT_OBJC_ISA_USAGE = YES_ERROR;
				CLANG_WARN_EMPTY_BODY = YES;
				CLANG_WARN_ENUM_CONVERSION = YES;
				CLANG_WARN_INT_CONVERSION = YES;
				CLANG_WARN_OBJC_ROOT_CLASS = YES_ERROR;
				CLANG_WARN_UNREACHABLE_CODE = YES;
				CLANG_WARN__DUPLICATE_METHOD_MATCH = YES;
				"CODE_SIGN_IDENTITY[sdk=iphoneos*]" = "iPhone Developer";
				COPY_PHASE_STRIP = NO;
				DEBUG_INFORMATION_FORMAT = dwarf;
				ENABLE_STRICT_OBJC_MSGSEND = YES;
				ENABLE_TESTABILITY = YES;
				GCC_C_LANGUAGE_STANDARD = gnu99;
				GCC_DYNAMIC_NO_PIC = NO;
				GCC_NO_COMMON_BLOCKS = YES;
				GCC_OPTIMIZATION_LEVEL = 0;
				GCC_PREPROCESSOR_DEFINITIONS = (
					"DEBUG=1",
					"$(inherited)",
				);
				GCC_WARN_64_TO_32_BIT_CONVERSION = YES;
				GCC_WARN_ABOUT_RETURN_TYPE = YES_ERROR;
				GCC_WARN_UNDECLARED_SELECTOR = YES;
				GCC_WARN_UNINITIALIZED_AUTOS = YES_AGGRESSIVE;
				GCC_WARN_UNUSED_FUNCTION = YES;
				GCC_WARN_UNUSED_VARIABLE = YES;
				IPHONEOS_DEPLOYMENT_TARGET = 9.2;
				MTL_ENABLE_DEBUG_INFO = YES;
				ONLY_ACTIVE_ARCH = YES;
				SDKROOT = iphoneos;
				SWIFT_OPTIMIZATION_LEVEL = "-Onone";
			};
			name = Debug;
		};
		C978F9131C54A27D0071B7AA /* Release */ = {
			isa = XCBuildConfiguration;
			buildSettings = {
				ALWAYS_SEARCH_USER_PATHS = NO;
				CLANG_CXX_LANGUAGE_STANDARD = "gnu++0x";
				CLANG_CXX_LIBRARY = "libc++";
				CLANG_ENABLE_MODULES = YES;
				CLANG_ENABLE_OBJC_ARC = YES;
				CLANG_WARN_BOOL_CONVERSION = YES;
				CLANG_WARN_CONSTANT_CONVERSION = YES;
				CLANG_WARN_DIRECT_OBJC_ISA_USAGE = YES_ERROR;
				CLANG_WARN_EMPTY_BODY = YES;
				CLANG_WARN_ENUM_CONVERSION = YES;
				CLANG_WARN_INT_CONVERSION = YES;
				CLANG_WARN_OBJC_ROOT_CLASS = YES_ERROR;
				CLANG_WARN_UNREACHABLE_CODE = YES;
				CLANG_WARN__DUPLICATE_METHOD_MATCH = YES;
				"CODE_SIGN_IDENTITY[sdk=iphoneos*]" = "iPhone Developer";
				COPY_PHASE_STRIP = NO;
				DEBUG_INFORMATION_FORMAT = "dwarf-with-dsym";
				ENABLE_NS_ASSERTIONS = NO;
				ENABLE_STRICT_OBJC_MSGSEND = YES;
				GCC_C_LANGUAGE_STANDARD = gnu99;
				GCC_NO_COMMON_BLOCKS = YES;
				GCC_WARN_64_TO_32_BIT_CONVERSION = YES;
				GCC_WARN_ABOUT_RETURN_TYPE = YES_ERROR;
				GCC_WARN_UNDECLARED_SELECTOR = YES;
				GCC_WARN_UNINITIALIZED_AUTOS = YES_AGGRESSIVE;
				GCC_WARN_UNUSED_FUNCTION = YES;
				GCC_WARN_UNUSED_VARIABLE = YES;
				IPHONEOS_DEPLOYMENT_TARGET = 9.2;
				MTL_ENABLE_DEBUG_INFO = NO;
				SDKROOT = iphoneos;
				VALIDATE_PRODUCT = YES;
			};
			name = Release;
		};
		C978F9151C54A27D0071B7AA /* Debug */ = {
			isa = XCBuildConfiguration;
			buildSettings = {
				ASSETCATALOG_COMPILER_APPICON_NAME = AppIcon;
				CODE_SIGN_IDENTITY = "";
				INFOPLIST_FILE = VVSDragOrderLayout/Info.plist;
				LD_RUNPATH_SEARCH_PATHS = "$(inherited) @executable_path/Frameworks";
				PRODUCT_BUNDLE_IDENTIFIER = Vishal.VVSDragOrderLayout;
				PRODUCT_NAME = "$(TARGET_NAME)";
			};
			name = Debug;
		};
		C978F9161C54A27D0071B7AA /* Release */ = {
			isa = XCBuildConfiguration;
			buildSettings = {
				ASSETCATALOG_COMPILER_APPICON_NAME = AppIcon;
				CODE_SIGN_IDENTITY = "";
				INFOPLIST_FILE = VVSDragOrderLayout/Info.plist;
				LD_RUNPATH_SEARCH_PATHS = "$(inherited) @executable_path/Frameworks";
				PRODUCT_BUNDLE_IDENTIFIER = Vishal.VVSDragOrderLayout;
				PRODUCT_NAME = "$(TARGET_NAME)";
			};
			name = Release;
		};
/* End XCBuildConfiguration section */

/* Begin XCConfigurationList section */
		C978F8FD1C54A27D0071B7AA /* Build configuration list for PBXProject "VVSDragOrderLayout" */ = {
			isa = XCConfigurationList;
			buildConfigurations = (
				C978F9121C54A27D0071B7AA /* Debug */,
				C978F9131C54A27D0071B7AA /* Release */,
			);
			defaultConfigurationIsVisible = 0;
			defaultConfigurationName = Release;
		};
		C978F9141C54A27D0071B7AA /* Build configuration list for PBXNativeTarget "VVSDragOrderLayout" */ = {
			isa = XCConfigurationList;
			buildConfigurations = (
				C978F9151C54A27D0071B7AA /* Debug */,
				C978F9161C54A27D0071B7AA /* Release */,
			);
			defaultConfigurationIsVisible = 0;
		};
/* End XCConfigurationList section */
	};
	rootObject = C978F8FA1C54A27D0071B7AA /* Project object */;
}
